
Microsoft Visual Studio Solution File, Format Version 12.00
# Visual Studio Version 17
VisualStudioVersion = 17.9.34902.65
MinimumVisualStudioVersion = 10.0.40219.1
Project("{8BC9CEB8-8B4A-11D0-8D11-00A0C91BC942}") = "kmbox", "kmbox\kmbox.vcxproj", "{D214B2D5-6F71-4ADC-BA6F-BE60E85C3E2D}"
EndProject
Global
	GlobalSection(SolutionConfigurationPlatforms) = preSolution
		Release|x64 = Release|x64
	EndGlobalSection
	GlobalSection(ProjectConfigurationPlatforms) = postSolution
		{D214B2D5-6F71-4ADC-BA6F-BE60E85C3E2D}.Release|x64.ActiveCfg = Release|x64
		{D214B2D5-6F71-4ADC-BA6F-BE60E85C3E2D}.Release|x64.Build.0 = Release|x64
	EndGlobalSection
	GlobalSection(SolutionProperties) = preSolution
		HideSolutionNode = FALSE
	EndGlobalSection
	GlobalSection(ExtensibilityGlobals) = postSolution
		SolutionGuid = {65A74DB6-D9B7-461D-BAB6-517ADE381227}
	EndGlobalSection
EndGlobal
